lockfileVersion: 5.4

specifiers:
  '@fastify/cors': ^8.0.0
  '@fastify/mongodb': ^6.0.1
  '@types/http-errors': ^1.8.2
  '@types/node': '16'
  dotenv: ^16.0.1
  fastify: ^4.1.0
  fastify-plugin: ^3.0.1
  http-errors: ^2.0.0
  mongoose: ^6.4.0
  ts-node: ^10.8.1
  typescript: ^4.7.4

dependencies:
  '@fastify/cors': 8.0.0
  '@fastify/mongodb': 6.0.1
  fastify: 4.1.0
  fastify-plugin: 3.0.1
  http-errors: 2.0.0
  mongoose: 6.4.0

devDependencies:
  '@types/http-errors': 1.8.2
  '@types/node': 16.11.41
  dotenv: 16.0.1
  ts-node: 10.8.1_qqpsu5gwjto2muvbbvmj4ndcmu
  typescript: 4.7.4

packages:

  /@cspotcode/source-map-support/0.8.1:
    resolution: {integrity: sha512-IchNf6dN4tHoMFIn/7OE8LWZ19Y6q/67Bmf6vnGREv8RSbBVb9LPJxEcnwrcwX6ixSvaiGoomAUvu4YSxXrVgw==}
    engines: {node: '>=12'}
    dependencies:
      '@jridgewell/trace-mapping': 0.3.9
    dev: true

  /@fastify/ajv-compiler/3.1.0:
    resolution: {integrity: sha512-+hRMMxcUmdqtnCGPwrI2yczFdlgp3IBR88WlPLimXlgRb8vHBTXz38I17R/9ui+hIt9jx0uOdZKOis77VooHfA==}
    dependencies:
      ajv: 8.11.0
      ajv-formats: 2.1.1
      fast-uri: 1.0.1
    dev: false

  /@fastify/cors/8.0.0:
    resolution: {integrity: sha512-mB2GsA7aVwq7XG6B2OM1FMpcaiXY69ZbM1h/xDJxLEVu5ITGcs5XYrBIYTMNU2dQtzO6mzXhGd2dEKaCnB7UgQ==}
    dependencies:
      fastify-plugin: 3.0.1
      vary: 1.1.2
    dev: false

  /@fastify/error/3.0.0:
    resolution: {integrity: sha512-dPRyT40GiHRzSCll3/Jn2nPe25+E1VXc9tDwRAIKwFCxd5Np5wzgz1tmooWG3sV0qKgrBibihVoCna2ru4SEFg==}
    dev: false

  /@fastify/fast-json-stringify-compiler/3.0.1:
    resolution: {integrity: sha512-X9BL9/N7827M9UTBVsa5G3xOoD3MQ6EqX+D6EyJyF8LdvWTHQJ//BDN4FAEaGZUA2sL+GEMC6+KNjHESnPwQuw==}
    dependencies:
      fast-json-stringify: 4.2.0
    dev: false

  /@fastify/mongodb/6.0.1:
    resolution: {integrity: sha512-/VrLjJQGCr713LbM36Rrx+wnihJal9cU1V8nAHV8I04hFTw4WxRoybRIcoL3NwCvtf/EOjulRRTV+wkMgzeccQ==}
    dependencies:
      fastify-plugin: 3.0.1
      mongodb: 4.7.0
    dev: false

  /@jridgewell/resolve-uri/3.0.7:
    resolution: {integrity: sha512-8cXDaBBHOr2pQ7j77Y6Vp5VDT2sIqWyWQ56TjEq4ih/a4iST3dItRe8Q9fp0rrIl9DoKhWQtUQz/YpOxLkXbNA==}
    engines: {node: '>=6.0.0'}
    dev: true

  /@jridgewell/sourcemap-codec/1.4.13:
    resolution: {integrity: sha512-GryiOJmNcWbovBxTfZSF71V/mXbgcV3MewDe3kIMCLyIh5e7SKAeUZs+rMnJ8jkMolZ/4/VsdBmMrw3l+VdZ3w==}
    dev: true

  /@jridgewell/trace-mapping/0.3.9:
    resolution: {integrity: sha512-3Belt6tdc8bPgAtbcmdtNJlirVoTmEb5e2gC94PnkwEW9jI6CAHUeoG85tjWP5WquqfavoMtMwiG4P926ZKKuQ==}
    dependencies:
      '@jridgewell/resolve-uri': 3.0.7
      '@jridgewell/sourcemap-codec': 1.4.13
    dev: true

  /@tsconfig/node10/1.0.9:
    resolution: {integrity: sha512-jNsYVVxU8v5g43Erja32laIDHXeoNvFEpX33OK4d6hljo3jDhCBDhx5dhCCTMWUojscpAagGiRkBKxpdl9fxqA==}
    dev: true

  /@tsconfig/node12/1.0.11:
    resolution: {integrity: sha512-cqefuRsh12pWyGsIoBKJA9luFu3mRxCA+ORZvA4ktLSzIuCUtWVxGIuXigEwO5/ywWFMZ2QEGKWvkZG1zDMTag==}
    dev: true

  /@tsconfig/node14/1.0.3:
    resolution: {integrity: sha512-ysT8mhdixWK6Hw3i1V2AeRqZ5WfXg1G43mqoYlM2nc6388Fq5jcXyr5mRsqViLx/GJYdoL0bfXD8nmF+Zn/Iow==}
    dev: true

  /@tsconfig/node16/1.0.3:
    resolution: {integrity: sha512-yOlFc+7UtL/89t2ZhjPvvB/DeAr3r+Dq58IgzsFkOAvVC6NMJXmCGjbptdXdR9qsX7pKcTL+s87FtYREi2dEEQ==}
    dev: true

  /@types/http-errors/1.8.2:
    resolution: {integrity: sha512-EqX+YQxINb+MeXaIqYDASb6U6FCHbWjkj4a1CKDBks3d/QiB2+PqBLyO72vLDgAO1wUI4O+9gweRcQK11bTL/w==}
    dev: true

  /@types/node/16.11.41:
    resolution: {integrity: sha512-mqoYK2TnVjdkGk8qXAVGc/x9nSaTpSrFaGFm43BUH3IdoBV0nta6hYaGmdOvIMlbHJbUEVen3gvwpwovAZKNdQ==}

  /@types/webidl-conversions/6.1.1:
    resolution: {integrity: sha512-XAahCdThVuCFDQLT7R7Pk/vqeObFNL3YqRyFZg+AqAP/W1/w3xHaIxuW7WszQqTbIBOPRcItYJIou3i/mppu3Q==}
    dev: false

  /@types/whatwg-url/8.2.2:
    resolution: {integrity: sha512-FtQu10RWgn3D9U4aazdwIE2yzphmTJREDqNdODHrbrZmmMqI0vMheC/6NE/J1Yveaj8H+ela+YwWTjq5PGmuhA==}
    dependencies:
      '@types/node': 16.11.41
      '@types/webidl-conversions': 6.1.1
    dev: false

  /abstract-logging/2.0.1:
    resolution: {integrity: sha512-2BjRTZxTPvheOvGbBslFSYOUkr+SjPtOnrLP33f+VIWLzezQpZcqVg7ja3L4dBXmzzgwT+a029jRx5PCi3JuiA==}
    dev: false

  /acorn-walk/8.2.0:
    resolution: {integrity: sha512-k+iyHEuPgSw6SbuDpGQM+06HQUa04DZ3o+F6CSzXMvvI5KMvnaEqXe+YVe555R9nn6GPt404fos4wcgpw12SDA==}
    engines: {node: '>=0.4.0'}
    dev: true

  /acorn/8.7.1:
    resolution: {integrity: sha512-Xx54uLJQZ19lKygFXOWsscKUbsBZW0CPykPhVQdhIeIwrbPmJzqeASDInc8nKBnp/JT6igTs82qPXz069H8I/A==}
    engines: {node: '>=0.4.0'}
    hasBin: true
    dev: true

  /ajv-formats/2.1.1:
    resolution: {integrity: sha512-Wx0Kx52hxE7C18hkMEggYlEifqWZtYaRgouJor+WMdPnQyEK13vgEWyVNup7SoeeoLMsr4kf5h6dOW11I15MUA==}
    peerDependenciesMeta:
      ajv:
        optional: true
    dependencies:
      ajv: 8.11.0
    dev: false

  /ajv/8.11.0:
    resolution: {integrity: sha512-wGgprdCvMalC0BztXvitD2hC04YffAvtsUn93JbGXYLAtCUO4xd17mCCZQxUOItiBwZvJScWo8NIvQMQ71rdpg==}
    dependencies:
      fast-deep-equal: 3.1.3
      json-schema-traverse: 1.0.0
      require-from-string: 2.0.2
      uri-js: 4.4.1
    dev: false

  /archy/1.0.0:
    resolution: {integrity: sha512-Xg+9RwCg/0p32teKdGMPTPnVXKD0w3DfHnFTficozsAgsvq2XenPJq/MYpzzQ/v8zrOyJn6Ds39VA4JIDwFfqw==}
    dev: false

  /arg/4.1.3:
    resolution: {integrity: sha512-58S9QDqG0Xx27YwPSt9fJxivjYl432YCwfDMfZ+71RAqUrZef7LrKQZ3LHLOwCS4FLNBplP533Zx895SeOCHvA==}
    dev: true

  /atomic-sleep/1.0.0:
    resolution: {integrity: sha512-kNOjDqAh7px0XWNI+4QbzoiR/nTkHAWNud2uvnJquD1/x5a7EQZMJT0AczqK0Qn67oY/TTQ1LbUKajZpp3I9tQ==}
    engines: {node: '>=8.0.0'}
    dev: false

  /avvio/8.1.3:
    resolution: {integrity: sha512-tl9TC0yDRKzP6gFLkrInqPyx8AkfBC/0QRnwkE9Jo31+OJjLrE/73GJuE0QgSB0Vpv38CTJJZGqU9hczowclWw==}
    dependencies:
      archy: 1.0.0
      debug: 4.3.4
      fastq: 1.13.0
      queue-microtask: 1.2.3
    transitivePeerDependencies:
      - supports-color
    dev: false

  /base64-js/1.5.1:
    resolution: {integrity: sha512-AKpaYlHn8t4SVbOHCy+b5+KKgvR4vrsD8vbvrbiQJps7fKDTkjkDry6ji0rUJjC0kzbNePLwzxq8iypo41qeWA==}
    dev: false

  /bson/4.6.4:
    resolution: {integrity: sha512-TdQ3FzguAu5HKPPlr0kYQCyrYUYh8tFM+CMTpxjNzVzxeiJY00Rtuj3LXLHSgiGvmaWlZ8PE+4KyM2thqE38pQ==}
    engines: {node: '>=6.9.0'}
    dependencies:
      buffer: 5.7.1
    dev: false

  /buffer/5.7.1:
    resolution: {integrity: sha512-EHcyIPBQ4BSGlvjB16k5KgAJ27CIsHY/2JBmCRReo48y9rQ3MaUzWX3KVlBa4U7MyX02HdVj0K7C3WaB3ju7FQ==}
    dependencies:
      base64-js: 1.5.1
      ieee754: 1.2.1
    dev: false

  /cookie/0.5.0:
    resolution: {integrity: sha512-YZ3GUyn/o8gfKJlnlX7g7xq4gyO6OSuhGPKaaGssGB2qgDUS0gPgtTvoyZLTt9Ab6dC4hfc9dV5arkvc/OCmrw==}
    engines: {node: '>= 0.6'}
    dev: false

  /create-require/1.1.1:
    resolution: {integrity: sha512-dcKFX3jn0MpIaXjisoRvexIJVEKzaq7z2rZKxf+MSr9TkdmHmsU4m2lcLojrj/FHl8mk5VxMmYA+ftRkP/3oKQ==}
    dev: true

  /debug/4.3.4:
    resolution: {integrity: sha512-PRWFHuSU3eDtQJPvnNY7Jcket1j0t5OuOsFzPPzsekD52Zl8qUfFIPEiswXqIvHWGVHOgX+7G/vCNNhehwxfkQ==}
    engines: {node: '>=6.0'}
    peerDependencies:
      supports-color: '*'
    peerDependenciesMeta:
      supports-color:
        optional: true
    dependencies:
      ms: 2.1.2
    dev: false

  /deepmerge/4.2.2:
    resolution: {integrity: sha512-FJ3UgI4gIl+PHZm53knsuSFpE+nESMr7M4v9QcgB7S63Kj/6WqMiFQJpBBYz1Pt+66bZpP3Q7Lye0Oo9MPKEdg==}
    engines: {node: '>=0.10.0'}
    dev: false

  /denque/2.0.1:
    resolution: {integrity: sha512-tfiWc6BQLXNLpNiR5iGd0Ocu3P3VpxfzFiqubLgMfhfOw9WyvgJBd46CClNn9k3qfbjvT//0cf7AlYRX/OslMQ==}
    engines: {node: '>=0.10'}
    dev: false

  /depd/2.0.0:
    resolution: {integrity: sha512-g7nH6P6dyDioJogAAGprGpCtVImJhpPk/roCzdb3fIh61/s/nPsfR6onyMwkCAR/OlC3yBC0lESvUoQEAssIrw==}
    engines: {node: '>= 0.8'}
    dev: false

  /diff/4.0.2:
    resolution: {integrity: sha512-58lmxKSA4BNyLz+HHMUzlOEpg09FV+ev6ZMe3vJihgdxzgcwZ8VoEEPmALCZG9LmqfVoNMMKpttIYTVG6uDY7A==}
    engines: {node: '>=0.3.1'}
    dev: true

  /dotenv/16.0.1:
    resolution: {integrity: sha512-1K6hR6wtk2FviQ4kEiSjFiH5rpzEVi8WW0x96aztHVMhEspNpc4DVOUTEHtEva5VThQ8IaBX1Pe4gSzpVVUsKQ==}
    engines: {node: '>=12'}
    dev: true

  /duplexify/4.1.2:
    resolution: {integrity: sha512-fz3OjcNCHmRP12MJoZMPglx8m4rrFP8rovnk4vT8Fs+aonZoCwGg10dSsQsfP/E62eZcPTMSMP6686fu9Qlqtw==}
    dependencies:
      end-of-stream: 1.4.4
      inherits: 2.0.4
      readable-stream: 3.6.0
      stream-shift: 1.0.1
    dev: false

  /end-of-stream/1.4.4:
    resolution: {integrity: sha512-+uw1inIHVPQoaVuHzRyXd21icM+cnt4CzD5rW+NC1wjOUSTOs+Te7FOv7AhN7vS9x/oIyhLP5PR1H+phQAHu5Q==}
    dependencies:
      once: 1.4.0
    dev: false

  /fast-deep-equal/3.1.3:
    resolution: {integrity: sha512-f3qQ9oQy9j2AhBe/H9VC91wLmKBCCU/gDOnKNAYG5hswO7BLKj09Hc5HYNz9cGI++xlpDCIgDaitVs03ATR84Q==}
    dev: false

  /fast-json-stringify/4.2.0:
    resolution: {integrity: sha512-9RWBl82H7jwnPlkZ/ghi0VD5OFZVdwgwVui0nYzjnXbPQxJ3ES1+SQcWIoeCJOgrY7JkBkY/69UNZSroFPDRdQ==}
    engines: {node: '>= 10.0.0'}
    dependencies:
      ajv: 8.11.0
      ajv-formats: 2.1.1
      deepmerge: 4.2.2
      fast-uri: 2.1.0
      rfdc: 1.3.0
      string-similarity: 4.0.4
    dev: false

  /fast-redact/3.1.1:
    resolution: {integrity: sha512-odVmjC8x8jNeMZ3C+rPMESzXVSEU8tSWSHv9HFxP2mm89G/1WwqhrerJDQm9Zus8X6aoRgQDThKqptdNA6bt+A==}
    engines: {node: '>=6'}
    dev: false

  /fast-uri/1.0.1:
    resolution: {integrity: sha512-dbO/+ny6lX4tt7pvfPMTiHfQVR5igYKFa5BJ2a21TWuOgd2ySp5DYswsEGuMcJZLL3/eJ/MQJ5KNcXyNUvDt8w==}
    dev: false

  /fast-uri/2.1.0:
    resolution: {integrity: sha512-qKRta6N7BWEFVlyonVY/V+BMLgFqktCUV0QjT259ekAIlbVrMaFnFLxJ4s/JPl4tou56S1BzPufI60bLe29fHA==}
    dev: false

  /fastify-plugin/3.0.1:
    resolution: {integrity: sha512-qKcDXmuZadJqdTm6vlCqioEbyewF60b/0LOFCcYN1B6BIZGlYJumWWOYs70SFYLDAH4YqdE1cxH/RKMG7rFxgA==}
    dev: false

  /fastify/4.1.0:
    resolution: {integrity: sha512-nze95u3wpVIsOXMmSi5kgUaEIZq2HJmerk/+ivFBPtYozAydoDg92BcsxDtO4cb8vW4RBkahx8zL5PgH9YulCw==}
    dependencies:
      '@fastify/ajv-compiler': 3.1.0
      '@fastify/error': 3.0.0
      '@fastify/fast-json-stringify-compiler': 3.0.1
      abstract-logging: 2.0.1
      avvio: 8.1.3
      find-my-way: 6.4.0
      light-my-request: 5.0.0
      pino: 8.0.0
      process-warning: 2.0.0
      proxy-addr: 2.0.7
      rfdc: 1.3.0
      secure-json-parse: 2.4.0
      semver: 7.3.7
      tiny-lru: 8.0.2
    transitivePeerDependencies:
      - supports-color
    dev: false

  /fastq/1.13.0:
    resolution: {integrity: sha512-YpkpUnK8od0o1hmeSc7UUs/eB/vIPWJYjKck2QKIzAf71Vm1AAQ3EbuZB3g2JIy+pg+ERD0vqI79KyZiB2e2Nw==}
    dependencies:
      reusify: 1.0.4
    dev: false

  /find-my-way/6.4.0:
    resolution: {integrity: sha512-OAxMF75jKPpy8jUb29WupNfypFAzBuAiPM6xS17twiP07hJb0tKkD6Fy8dy8pN14AD8hMlc0jA6q0d+Dg5reUQ==}
    engines: {node: '>=12'}
    dependencies:
      fast-deep-equal: 3.1.3
      safe-regex2: 2.0.0
    dev: false

  /forwarded/0.2.0:
    resolution: {integrity: sha512-buRG0fpBtRHSTCOASe6hD258tEubFoRLb4ZNA6NxMVHNw2gOcwHo9wyablzMzOA5z9xA9L1KNjk/Nt6MT9aYow==}
    engines: {node: '>= 0.6'}
    dev: false

  /http-errors/2.0.0:
    resolution: {integrity: sha512-FtwrG/euBzaEjYeRqOgly7G0qviiXoJWnvEH2Z1plBdXgbyjv34pHTSb9zoeHMyDy33+DWy5Wt9Wo+TURtOYSQ==}
    engines: {node: '>= 0.8'}
    dependencies:
      depd: 2.0.0
      inherits: 2.0.4
      setprototypeof: 1.2.0
      statuses: 2.0.1
      toidentifier: 1.0.1
    dev: false

  /ieee754/1.2.1:
    resolution: {integrity: sha512-dcyqhDvX1C46lXZcVqCpK+FtMRQVdIMN6/Df5js2zouUsqG7I6sFxitIC+7KYK29KdXOLHdu9zL4sFnoVQnqaA==}
    dev: false

  /inherits/2.0.4:
    resolution: {integrity: sha512-k/vGaX4/Yla3WzyMCvTQOXYeIHvqOKtnqBduzTHpzpQZzAskKMhZ2K+EnBiSM9zGSoIFeMpXKxa4dYeZIQqewQ==}
    dev: false

  /ip/1.1.8:
    resolution: {integrity: sha512-PuExPYUiu6qMBQb4l06ecm6T6ujzhmh+MeJcW9wa89PoAz5pvd4zPgN5WJV104mb6S2T1AwNIAaB70JNrLQWhg==}
    dev: false

  /ipaddr.js/1.9.1:
    resolution: {integrity: sha512-0KI/607xoxSToH7GjN1FfSbLoU0+btTicjsQSWQlh/hZykN8KpmMf7uYwPW3R+akZ6R/w18ZlXSHBYXiYUPO3g==}
    engines: {node: '>= 0.10'}
    dev: false

  /json-schema-traverse/1.0.0:
    resolution: {integrity: sha512-NM8/P9n3XjXhIZn1lLhkFaACTOURQXjWhV4BA/RnOv8xvgqtqpAX9IO4mRQxSx1Rlo4tqzeqb0sOlruaOy3dug==}
    dev: false

  /kareem/2.4.1:
    resolution: {integrity: sha512-aJ9opVoXroQUPfovYP5kaj2lM7Jn02Gw13bL0lg9v0V7SaUc0qavPs0Eue7d2DcC3NjqI6QAUElXNsuZSeM+EA==}
    dev: false

  /light-my-request/5.0.0:
    resolution: {integrity: sha512-0OPHKV+uHgBOnRokzL1LqeMCnSAo5l/rZS7kyB6G1I8qxGCvhXpq1M6WK565Y9A5CSn50l3DVaHnJ5FCdpguZQ==}
    dependencies:
      ajv: 8.11.0
      cookie: 0.5.0
      process-warning: 1.0.0
      set-cookie-parser: 2.5.0
    dev: false

  /lru-cache/6.0.0:
    resolution: {integrity: sha512-Jo6dJ04CmSjuznwJSS3pUeWmd/H0ffTlkXXgwZi+eq1UCmqQwCh+eLsYOYCwY991i2Fah4h1BEMCx4qThGbsiA==}
    engines: {node: '>=10'}
    dependencies:
      yallist: 4.0.0
    dev: false

  /make-error/1.3.6:
    resolution: {integrity: sha512-s8UhlNe7vPKomQhC1qFelMokr/Sc3AgNbso3n74mVPA5LTZwkB9NlXf4XPamLxJE8h0gh73rM94xvwRT2CVInw==}
    dev: true

  /memory-pager/1.5.0:
    resolution: {integrity: sha512-ZS4Bp4r/Zoeq6+NLJpP+0Zzm0pR8whtGPf1XExKLJBAczGMnSi3It14OiNCStjQjM6NU1okjQGSxgEZN8eBYKg==}
    dev: false
    optional: true

  /mongodb-connection-string-url/2.5.2:
    resolution: {integrity: sha512-tWDyIG8cQlI5k3skB6ywaEA5F9f5OntrKKsT/Lteub2zgwSUlhqEN2inGgBTm8bpYJf8QYBdA/5naz65XDpczA==}
    dependencies:
      '@types/whatwg-url': 8.2.2
      whatwg-url: 11.0.0
    dev: false

  /mongodb/4.7.0:
    resolution: {integrity: sha512-HhVar6hsUeMAVlIbwQwWtV36iyjKd9qdhY+s4wcU8K6TOj4Q331iiMy+FoPuxEntDIijTYWivwFJkLv8q/ZgvA==}
    engines: {node: '>=12.9.0'}
    dependencies:
      bson: 4.6.4
      denque: 2.0.1
      mongodb-connection-string-url: 2.5.2
      socks: 2.6.2
    optionalDependencies:
      saslprep: 1.0.3
    dev: false

  /mongoose/6.4.0:
    resolution: {integrity: sha512-eBDrueap1Zx3qFrcYylTiqTFlL5iTEaYAxoDF1MSRdipwAzChQRMJve+vxHtxPhI2q5tmf9RYHfZwXfTUHPd3g==}
    engines: {node: '>=12.0.0'}
    dependencies:
      bson: 4.6.4
      kareem: 2.4.1
      mongodb: 4.7.0
      mpath: 0.9.0
      mquery: 4.0.3
      ms: 2.1.3
      sift: 16.0.0
    transitivePeerDependencies:
      - supports-color
    dev: false

  /mpath/0.9.0:
    resolution: {integrity: sha512-ikJRQTk8hw5DEoFVxHG1Gn9T/xcjtdnOKIU1JTmGjZZlg9LST2mBLmcX3/ICIbgJydT2GOc15RnNy5mHmzfSew==}
    engines: {node: '>=4.0.0'}
    dev: false

  /mquery/4.0.3:
    resolution: {integrity: sha512-J5heI+P08I6VJ2Ky3+33IpCdAvlYGTSUjwTPxkAr8i8EoduPMBX2OY/wa3IKZIQl7MU4SbFk8ndgSKyB/cl1zA==}
    engines: {node: '>=12.0.0'}
    dependencies:
      debug: 4.3.4
    transitivePeerDependencies:
      - supports-color
    dev: false

  /ms/2.1.2:
    resolution: {integrity: sha512-sGkPx+VjMtmA6MX27oA4FBFELFCZZ4S4XqeGOXCv68tT+jb3vk/RyaKWP0PTKyWtmLSM0b+adUTEvbs1PEaH2w==}
    dev: false

  /ms/2.1.3:
    resolution: {integrity: sha512-6FlzubTLZG3J2a/NVCAleEhjzq5oxgHyaCU9yYXvcLsvoVaHJq/s5xXI6/XXP6tz7R9xAOtHnSO/tXtF3WRTlA==}
    dev: false

  /on-exit-leak-free/1.0.0:
    resolution: {integrity: sha512-Ve8ubhrXRdnuCJ5bQSQpP3uaV43K1PMcOfSRC1pqHgRZommXCgsXwh08jVC5NpjwScE23BPDwDvVg4cov3mwjw==}
    dev: false

  /once/1.4.0:
    resolution: {integrity: sha512-lNaJgI+2Q5URQBkccEKHTQOPaXdUxnZZElQTZY0MFUAuaEqe1E+Nyvgdz/aIyNi6Z9MzO5dv1H8n58/GELp3+w==}
    dependencies:
      wrappy: 1.0.2
    dev: false

  /pino-abstract-transport/0.5.0:
    resolution: {integrity: sha512-+KAgmVeqXYbTtU2FScx1XS3kNyfZ5TrXY07V96QnUSFqo2gAqlvmaxH67Lj7SWazqsMabf+58ctdTcBgnOLUOQ==}
    dependencies:
      duplexify: 4.1.2
      split2: 4.1.0
    dev: false

  /pino-std-serializers/5.6.0:
    resolution: {integrity: sha512-VdUXCw8gO+xhir7sFuoYSjTnzB+TMDGxhAC/ph3YS3sdHnXNdsK0wMtADNUltfeGkn2KDxEM21fnjF3RwXyC8A==}
    dev: false

  /pino/8.0.0:
    resolution: {integrity: sha512-EvZh9ZUoLGkrhqhoF9UBxw2/ZiAhXHUKlGrI4WUT/wLu0sfu8Wr3NJaZ6lxcy/S51W0PMSon5KE7ujPAhc/G6g==}
    hasBin: true
    dependencies:
      atomic-sleep: 1.0.0
      fast-redact: 3.1.1
      on-exit-leak-free: 1.0.0
      pino-abstract-transport: 0.5.0
      pino-std-serializers: 5.6.0
      process-warning: 2.0.0
      quick-format-unescaped: 4.0.4
      real-require: 0.1.0
      safe-stable-stringify: 2.3.1
      sonic-boom: 3.0.0
      thread-stream: 1.0.0
    dev: false

  /process-warning/1.0.0:
    resolution: {integrity: sha512-du4wfLyj4yCZq1VupnVSZmRsPJsNuxoDQFdCFHLaYiEbFBD7QE0a+I4D7hOxrVnh78QE/YipFAj9lXHiXocV+Q==}
    dev: false

  /process-warning/2.0.0:
    resolution: {integrity: sha512-+MmoAXoUX+VTHAlwns0h+kFUWFs/3FZy+ZuchkgjyOu3oioLAo2LB5aCfKPh2+P9O18i3m43tUEv3YqttSy0Ww==}
    dev: false

  /proxy-addr/2.0.7:
    resolution: {integrity: sha512-llQsMLSUDUPT44jdrU/O37qlnifitDP+ZwrmmZcoSKyLKvtZxpyV0n2/bD/N4tBAAZ/gJEdZU7KMraoK1+XYAg==}
    engines: {node: '>= 0.10'}
    dependencies:
      forwarded: 0.2.0
      ipaddr.js: 1.9.1
    dev: false

  /punycode/2.1.1:
    resolution: {integrity: sha512-XRsRjdf+j5ml+y/6GKHPZbrF/8p2Yga0JPtdqTIY2Xe5ohJPD9saDJJLPvp9+NSBprVvevdXZybnj2cv8OEd0A==}
    engines: {node: '>=6'}
    dev: false

  /queue-microtask/1.2.3:
    resolution: {integrity: sha512-NuaNSa6flKT5JaSYQzJok04JzTL1CA6aGhv5rfLW3PgqA+M2ChpZQnAC8h8i4ZFkBS8X5RqkDBHA7r4hej3K9A==}
    dev: false

  /quick-format-unescaped/4.0.4:
    resolution: {integrity: sha512-tYC1Q1hgyRuHgloV/YXs2w15unPVh8qfu/qCTfhTYamaw7fyhumKa2yGpdSo87vY32rIclj+4fWYQXUMs9EHvg==}
    dev: false

  /readable-stream/3.6.0:
    resolution: {integrity: sha512-BViHy7LKeTz4oNnkcLJ+lVSL6vpiFeX6/d3oSH8zCW7UxP2onchk+vTGB143xuFjHS3deTgkKoXXymXqymiIdA==}
    engines: {node: '>= 6'}
    dependencies:
      inherits: 2.0.4
      string_decoder: 1.3.0
      util-deprecate: 1.0.2
    dev: false

  /real-require/0.1.0:
    resolution: {integrity: sha512-r/H9MzAWtrv8aSVjPCMFpDMl5q66GqtmmRkRjpHTsp4zBAa+snZyiQNlMONiUmEJcsnaw0wCauJ2GWODr/aFkg==}
    engines: {node: '>= 12.13.0'}
    dev: false

  /require-from-string/2.0.2:
    resolution: {integrity: sha512-Xf0nWe6RseziFMu+Ap9biiUbmplq6S9/p+7w7YXP/JBHhrUDDUhwa+vANyubuqfZWTveU//DYVGsDG7RKL/vEw==}
    engines: {node: '>=0.10.0'}
    dev: false

  /ret/0.2.2:
    resolution: {integrity: sha512-M0b3YWQs7R3Z917WRQy1HHA7Ba7D8hvZg6UE5mLykJxQVE2ju0IXbGlaHPPlkY+WN7wFP+wUMXmBFA0aV6vYGQ==}
    engines: {node: '>=4'}
    dev: false

  /reusify/1.0.4:
    resolution: {integrity: sha512-U9nH88a3fc/ekCF1l0/UP1IosiuIjyTh7hBvXVMHYgVcfGvt897Xguj2UOLDeI5BG2m7/uwyaLVT6fbtCwTyzw==}
    engines: {iojs: '>=1.0.0', node: '>=0.10.0'}
    dev: false

  /rfdc/1.3.0:
    resolution: {integrity: sha512-V2hovdzFbOi77/WajaSMXk2OLm+xNIeQdMMuB7icj7bk6zi2F8GGAxigcnDFpJHbNyNcgyJDiP+8nOrY5cZGrA==}
    dev: false

  /safe-buffer/5.2.1:
    resolution: {integrity: sha512-rp3So07KcdmmKbGvgaNxQSJr7bGVSVk5S9Eq1F+ppbRo70+YeaDxkw5Dd8NPN+GD6bjnYm2VuPuCXmpuYvmCXQ==}
    dev: false

  /safe-regex2/2.0.0:
    resolution: {integrity: sha512-PaUSFsUaNNuKwkBijoAPHAK6/eM6VirvyPWlZ7BAQy4D+hCvh4B6lIG+nPdhbFfIbP+gTGBcrdsOaUs0F+ZBOQ==}
    dependencies:
      ret: 0.2.2
    dev: false

  /safe-stable-stringify/2.3.1:
    resolution: {integrity: sha512-kYBSfT+troD9cDA85VDnHZ1rpHC50O0g1e6WlGHVCz/g+JS+9WKLj+XwFYyR8UbrZN8ll9HUpDAAddY58MGisg==}
    engines: {node: '>=10'}
    dev: false

  /saslprep/1.0.3:
    resolution: {integrity: sha512-/MY/PEMbk2SuY5sScONwhUDsV2p77Znkb/q3nSVstq/yQzYJOH/Azh29p9oJLsl3LnQwSvZDKagDGBsBwSooag==}
    engines: {node: '>=6'}
    requiresBuild: true
    dependencies:
      sparse-bitfield: 3.0.3
    dev: false
    optional: true

  /secure-json-parse/2.4.0:
    resolution: {integrity: sha512-Q5Z/97nbON5t/L/sH6mY2EacfjVGwrCcSi5D3btRO2GZ8pf1K1UN7Z9H5J57hjVU2Qzxr1xO+FmBhOvEkzCMmg==}
    dev: false

  /semver/7.3.7:
    resolution: {integrity: sha512-QlYTucUYOews+WeEujDoEGziz4K6c47V/Bd+LjSSYcA94p+DmINdf7ncaUinThfvZyu13lN9OY1XDxt8C0Tw0g==}
    engines: {node: '>=10'}
    hasBin: true
    dependencies:
      lru-cache: 6.0.0
    dev: false

  /set-cookie-parser/2.5.0:
    resolution: {integrity: sha512-cHMAtSXilfyBePduZEBVPTCftTQWz6ehWJD5YNUg4mqvRosrrjKbo4WS8JkB0/RxonMoohHm7cOGH60mDkRQ9w==}
    dev: false

  /setprototypeof/1.2.0:
    resolution: {integrity: sha512-E5LDX7Wrp85Kil5bhZv46j8jOeboKq5JMmYM3gVGdGH8xFpPWXUMsNrlODCrkoxMEeNi/XZIwuRvY4XNwYMJpw==}
    dev: false

  /sift/16.0.0:
    resolution: {integrity: sha512-ILTjdP2Mv9V1kIxWMXeMTIRbOBrqKc4JAXmFMnFq3fKeyQ2Qwa3Dw1ubcye3vR+Y6ofA0b9gNDr/y2t6eUeIzQ==}
    dev: false

  /smart-buffer/4.2.0:
    resolution: {integrity: sha512-94hK0Hh8rPqQl2xXc3HsaBoOXKV20MToPkcXvwbISWLEs+64sBq5kFgn2kJDHb1Pry9yrP0dxrCI9RRci7RXKg==}
    engines: {node: '>= 6.0.0', npm: '>= 3.0.0'}
    dev: false

  /socks/2.6.2:
    resolution: {integrity: sha512-zDZhHhZRY9PxRruRMR7kMhnf3I8hDs4S3f9RecfnGxvcBHQcKcIH/oUcEWffsfl1XxdYlA7nnlGbbTvPz9D8gA==}
    engines: {node: '>= 10.13.0', npm: '>= 3.0.0'}
    dependencies:
      ip: 1.1.8
      smart-buffer: 4.2.0
    dev: false

  /sonic-boom/3.0.0:
    resolution: {integrity: sha512-p5DiZOZHbJ2ZO5MADczp5qrfOd3W5Vr2vHxfCpe7G4AzPwVOweIjbfgku8wSQUuk+Y5Yuo8W7JqRe6XKmKistg==}
    dependencies:
      atomic-sleep: 1.0.0
    dev: false

  /sparse-bitfield/3.0.3:
    resolution: {integrity: sha512-kvzhi7vqKTfkh0PZU+2D2PIllw2ymqJKujUcyPMd9Y75Nv4nPbGJZXNhxsgdQab2BmlDct1YnfQCguEvHr7VsQ==}
    dependencies:
      memory-pager: 1.5.0
    dev: false
    optional: true

  /split2/4.1.0:
    resolution: {integrity: sha512-VBiJxFkxiXRlUIeyMQi8s4hgvKCSjtknJv/LVYbrgALPwf5zSKmEwV9Lst25AkvMDnvxODugjdl6KZgwKM1WYQ==}
    engines: {node: '>= 10.x'}
    dev: false

  /statuses/2.0.1:
    resolution: {integrity: sha512-RwNA9Z/7PrK06rYLIzFMlaF+l73iwpzsqRIFgbMLbTcLD6cOao82TaWefPXQvB2fOC4AjuYSEndS7N/mTCbkdQ==}
    engines: {node: '>= 0.8'}
    dev: false

  /stream-shift/1.0.1:
    resolution: {integrity: sha512-AiisoFqQ0vbGcZgQPY1cdP2I76glaVA/RauYR4G4thNFgkTqr90yXTo4LYX60Jl+sIlPNHHdGSwo01AvbKUSVQ==}
    dev: false

  /string-similarity/4.0.4:
    resolution: {integrity: sha512-/q/8Q4Bl4ZKAPjj8WerIBJWALKkaPRfrvhfF8k/B23i4nzrlRj2/go1m90In7nG/3XDSbOo0+pu6RvCTM9RGMQ==}
    dev: false

  /string_decoder/1.3.0:
    resolution: {integrity: sha512-hkRX8U1WjJFd8LsDJ2yQ/wWWxaopEsABU1XfkM8A+j0+85JAGppt16cr1Whg6KIbb4okU6Mql6BOj+uup/wKeA==}
    dependencies:
      safe-buffer: 5.2.1
    dev: false

  /thread-stream/1.0.0:
    resolution: {integrity: sha512-2Sw29jWubQWOcVa7MhLHJ51wjksUD/GHN4Fy3hP9w9DYTujifoZGSKBl54CMLRXWoD5h2pD707kY3fAdzhcwAg==}
    dependencies:
      real-require: 0.1.0
    dev: false

  /tiny-lru/8.0.2:
    resolution: {integrity: sha512-ApGvZ6vVvTNdsmt676grvCkUCGwzG9IqXma5Z07xJgiC5L7akUMof5U8G2JTI9Rz/ovtVhJBlY6mNhEvtjzOIg==}
    engines: {node: '>=6'}
    dev: false

  /toidentifier/1.0.1:
    resolution: {integrity: sha512-o5sSPKEkg/DIQNmH43V0/uerLrpzVedkUh8tGNvaeXpfpuwjKenlSox/2O/BTlZUtEe+JG7s5YhEz608PlAHRA==}
    engines: {node: '>=0.6'}
    dev: false

  /tr46/3.0.0:
    resolution: {integrity: sha512-l7FvfAHlcmulp8kr+flpQZmVwtu7nfRV7NZujtN0OqES8EL4O4e0qqzL0DC5gAvx/ZC/9lk6rhcUwYvkBnBnYA==}
    engines: {node: '>=12'}
    dependencies:
      punycode: 2.1.1
    dev: false

  /ts-node/10.8.1_qqpsu5gwjto2muvbbvmj4ndcmu:
    resolution: {integrity: sha512-Wwsnao4DQoJsN034wePSg5nZiw4YKXf56mPIAeD6wVmiv+RytNSWqc2f3fKvcUoV+Yn2+yocD71VOfQHbmVX4g==}
    hasBin: true
    peerDependencies:
      '@swc/core': '>=1.2.50'
      '@swc/wasm': '>=1.2.50'
      '@types/node': '*'
      typescript: '>=2.7'
    peerDependenciesMeta:
      '@swc/core':
        optional: true
      '@swc/wasm':
        optional: true
    dependencies:
      '@cspotcode/source-map-support': 0.8.1
      '@tsconfig/node10': 1.0.9
      '@tsconfig/node12': 1.0.11
      '@tsconfig/node14': 1.0.3
      '@tsconfig/node16': 1.0.3
      '@types/node': 16.11.41
      acorn: 8.7.1
      acorn-walk: 8.2.0
      arg: 4.1.3
      create-require: 1.1.1
      diff: 4.0.2
      make-error: 1.3.6
      typescript: 4.7.4
      v8-compile-cache-lib: 3.0.1
      yn: 3.1.1
    dev: true

  /typescript/4.7.4:
    resolution: {integrity: sha512-C0WQT0gezHuw6AdY1M2jxUO83Rjf0HP7Sk1DtXj6j1EwkQNZrHAg2XPWlq62oqEhYvONq5pkC2Y9oPljWToLmQ==}
    engines: {node: '>=4.2.0'}
    hasBin: true
    dev: true

  /uri-js/4.4.1:
    resolution: {integrity: sha512-7rKUyy33Q1yc98pQ1DAmLtwX109F7TIfWlW1Ydo8Wl1ii1SeHieeh0HHfPeL2fMXK6z0s8ecKs9frCuLJvndBg==}
    dependencies:
      punycode: 2.1.1
    dev: false

  /util-deprecate/1.0.2:
    resolution: {integrity: sha512-EPD5q1uXyFxJpCrLnCc1nHnq3gOa6DZBocAIiI2TaSCA7VCJ1UJDMagCzIkXNsUYfD1daK//LTEQ8xiIbrHtcw==}
    dev: false

  /v8-compile-cache-lib/3.0.1:
    resolution: {integrity: sha512-wa7YjyUGfNZngI/vtK0UHAN+lgDCxBPCylVXGp0zu59Fz5aiGtNXaq3DhIov063MorB+VfufLh3JlF2KdTK3xg==}
    dev: true

  /vary/1.1.2:
    resolution: {integrity: sha512-BNGbWLfd0eUPabhkXUVm0j8uuvREyTh5ovRa/dyow/BqAbZJyC+5fU+IzQOzmAKzYqYRAISoRhdQr3eIZ/PXqg==}
    engines: {node: '>= 0.8'}
    dev: false

  /webidl-conversions/7.0.0:
    resolution: {integrity: sha512-VwddBukDzu71offAQR975unBIGqfKZpM+8ZX6ySk8nYhVoo5CYaZyzt3YBvYtRtO+aoGlqxPg/B87NGVZ/fu6g==}
    engines: {node: '>=12'}
    dev: false

  /whatwg-url/11.0.0:
    resolution: {integrity: sha512-RKT8HExMpoYx4igMiVMY83lN6UeITKJlBQ+vR/8ZJ8OCdSiN3RwCq+9gH0+Xzj0+5IrM6i4j/6LuvzbZIQgEcQ==}
    engines: {node: '>=12'}
    dependencies:
      tr46: 3.0.0
      webidl-conversions: 7.0.0
    dev: false

  /wrappy/1.0.2:
    resolution: {integrity: sha512-l4Sp/DRseor9wL6EvV2+TuQn63dMkPjZ/sp9XkghTEbV9KlPS1xUsZ3u7/IQO4wxtcFB4bgpQPRcR3QCvezPcQ==}
    dev: false

  /yallist/4.0.0:
    resolution: {integrity: sha512-3wdGidZyq5PB084XLES5TpOSRA3wjXAlIWMhum2kRcv/41Sn2emQ0dycQW4uZXLejwKvg6EsvbdlVL+FYEct7A==}
    dev: false

  /yn/3.1.1:
    resolution: {integrity: sha512-Ux4ygGWsu2c7isFWe8Yu1YluJmqVhxqK2cLXNQA5AcC3QfbGNpM7fu0Y8b/z16pXLnFxZYvWhd3fhBY9DLmC6Q==}
    engines: {node: '>=6'}
    dev: true
